<?xml version="1.0" encoding="utf-8"?>
<Project ToolsVersion="18.0" xmlns="http://schemas.microsoft.com/developer/msbuild/2003">
  <ItemGroup>
    <CustomBuild Include="C:\Users\김영기\.openclaw\workspace\projects\coopagent\build-ci\CMakeFiles\3306d522b77719111369cf0dc2ff6583\RUN_TESTS_force.rule">
      <Filter>CMake Rules</Filter>
    </CustomBuild>
  </ItemGroup>
  <ItemGroup>
    <Filter Include="CMake Rules">
      <UniqueIdentifier>{DCC64DCE-6BCF-3D4B-8F3B-A2FD79802FD3}</UniqueIdentifier>
    </Filter>
  </ItemGroup>
</Project>
